
Microsoft Visual Studio Solution File, Format Version 12.00
# Visual Studio 14
VisualStudioVersion = 14.0.24720.0
MinimumVisualStudioVersion = 10.0.40219.1
Project("{FAE04EC0-301F-11D3-BF4B-00C04F79EFBC}") = "FerkopaUtils", "..\work\FerkopaUtils\FerkopaUtils\FerkopaUtils.csproj", "{254271D0-4784-4E48-83F4-17A44F1E8C36}"
EndProject
Project("{FAE04EC0-301F-11D3-BF4B-00C04F79EFBC}") = "ToDoWebApp", "ToDoWebApp\ToDoWebApp.csproj", "{0F3B564C-8F48-4B02-B614-6451E64ED25F}"
EndProject
Global
	GlobalSection(SolutionConfigurationPlatforms) = preSolution
		Debug|Any CPU = Debug|Any CPU
		Release .Net 4|Any CPU = Release .Net 4|Any CPU
		Release|Any CPU = Release|Any CPU
		x64|Any CPU = x64|Any CPU
	EndGlobalSection
	GlobalSection(ProjectConfigurationPlatforms) = postSolution
		{254271D0-4784-4E48-83F4-17A44F1E8C36}.Debug|Any CPU.ActiveCfg = Debug|Any CPU
		{254271D0-4784-4E48-83F4-17A44F1E8C36}.Debug|Any CPU.Build.0 = Debug|Any CPU
		{254271D0-4784-4E48-83F4-17A44F1E8C36}.Release .Net 4|Any CPU.ActiveCfg = Release .Net 4|Any CPU
		{254271D0-4784-4E48-83F4-17A44F1E8C36}.Release .Net 4|Any CPU.Build.0 = Release .Net 4|Any CPU
		{254271D0-4784-4E48-83F4-17A44F1E8C36}.Release|Any CPU.ActiveCfg = Release|Any CPU
		{254271D0-4784-4E48-83F4-17A44F1E8C36}.Release|Any CPU.Build.0 = Release|Any CPU
		{254271D0-4784-4E48-83F4-17A44F1E8C36}.x64|Any CPU.ActiveCfg = x64|Any CPU
		{254271D0-4784-4E48-83F4-17A44F1E8C36}.x64|Any CPU.Build.0 = x64|Any CPU
		{0F3B564C-8F48-4B02-B614-6451E64ED25F}.Debug|Any CPU.ActiveCfg = Debug|Any CPU
		{0F3B564C-8F48-4B02-B614-6451E64ED25F}.Debug|Any CPU.Build.0 = Debug|Any CPU
		{0F3B564C-8F48-4B02-B614-6451E64ED25F}.Release .Net 4|Any CPU.ActiveCfg = Release|Any CPU
		{0F3B564C-8F48-4B02-B614-6451E64ED25F}.Release .Net 4|Any CPU.Build.0 = Release|Any CPU
		{0F3B564C-8F48-4B02-B614-6451E64ED25F}.Release|Any CPU.ActiveCfg = Release|Any CPU
		{0F3B564C-8F48-4B02-B614-6451E64ED25F}.Release|Any CPU.Build.0 = Release|Any CPU
		{0F3B564C-8F48-4B02-B614-6451E64ED25F}.x64|Any CPU.ActiveCfg = Release|Any CPU
		{0F3B564C-8F48-4B02-B614-6451E64ED25F}.x64|Any CPU.Build.0 = Release|Any CPU
	EndGlobalSection
	GlobalSection(SolutionProperties) = preSolution
		HideSolutionNode = FALSE
	EndGlobalSection
EndGlobal
